
Microsoft Visual Studio Solution File, Format Version 12.00
# Visual Studio 14
VisualStudioVersion = 14.0.25420.1
MinimumVisualStudioVersion = 10.0.40219.1
Project("{FAE04EC0-301F-11D3-BF4B-00C04F79EFBC}") = "MCHub.Domain", "MCHub\MCHub.Domain.csproj", "{A929A4A1-22C4-4812-BECE-D3A381153202}"
EndProject
Project("{FAE04EC0-301F-11D3-BF4B-00C04F79EFBC}") = "MCHub.Data", "MCHub.Data\MCHub.Data.csproj", "{0B00E8C0-3C25-4DF5-A547-1107A6499808}"
EndProject
Project("{FAE04EC0-301F-11D3-BF4B-00C04F79EFBC}") = "MCHub.Console", "MChub.Console\MCHub.Console.csproj", "{39615CDF-B745-4FAA-989B-4388ABCF32A8}"
EndProject
Project("{FAE04EC0-301F-11D3-BF4B-00C04F79EFBC}") = "MCHub.MVC.Old", "MCHub.MVC\MCHub.MVC.Old.csproj", "{81B9C7FB-158E-49E5-9F75-86955B8E411E}"
EndProject
Global
	GlobalSection(SolutionConfigurationPlatforms) = preSolution
		Debug|Any CPU = Debug|Any CPU
		Release|Any CPU = Release|Any CPU
	EndGlobalSection
	GlobalSection(ProjectConfigurationPlatforms) = postSolution
		{A929A4A1-22C4-4812-BECE-D3A381153202}.Debug|Any CPU.ActiveCfg = Debug|Any CPU
		{A929A4A1-22C4-4812-BECE-D3A381153202}.Debug|Any CPU.Build.0 = Debug|Any CPU
		{A929A4A1-22C4-4812-BECE-D3A381153202}.Release|Any CPU.ActiveCfg = Release|Any CPU
		{A929A4A1-22C4-4812-BECE-D3A381153202}.Release|Any CPU.Build.0 = Release|Any CPU
		{0B00E8C0-3C25-4DF5-A547-1107A6499808}.Debug|Any CPU.ActiveCfg = Debug|Any CPU
		{0B00E8C0-3C25-4DF5-A547-1107A6499808}.Debug|Any CPU.Build.0 = Debug|Any CPU
		{0B00E8C0-3C25-4DF5-A547-1107A6499808}.Release|Any CPU.ActiveCfg = Release|Any CPU
		{0B00E8C0-3C25-4DF5-A547-1107A6499808}.Release|Any CPU.Build.0 = Release|Any CPU
		{39615CDF-B745-4FAA-989B-4388ABCF32A8}.Debug|Any CPU.ActiveCfg = Debug|Any CPU
		{39615CDF-B745-4FAA-989B-4388ABCF32A8}.Debug|Any CPU.Build.0 = Debug|Any CPU
		{39615CDF-B745-4FAA-989B-4388ABCF32A8}.Release|Any CPU.ActiveCfg = Release|Any CPU
		{39615CDF-B745-4FAA-989B-4388ABCF32A8}.Release|Any CPU.Build.0 = Release|Any CPU
		{81B9C7FB-158E-49E5-9F75-86955B8E411E}.Debug|Any CPU.ActiveCfg = Debug|Any CPU
		{81B9C7FB-158E-49E5-9F75-86955B8E411E}.Debug|Any CPU.Build.0 = Debug|Any CPU
		{81B9C7FB-158E-49E5-9F75-86955B8E411E}.Release|Any CPU.ActiveCfg = Release|Any CPU
		{81B9C7FB-158E-49E5-9F75-86955B8E411E}.Release|Any CPU.Build.0 = Release|Any CPU
	EndGlobalSection
	GlobalSection(SolutionProperties) = preSolution
		HideSolutionNode = FALSE
	EndGlobalSection
EndGlobal
